{
  "version": 4,
  "terraform_version": "1.5.5",
  "serial": 3,
  "lineage": "8663dec4-acaa-dee0-f294-e6ceb05b6e11",
  "outputs": {},
  "resources": [
    {
      "mode": "managed",
      "type": "local_file",
      "name": "t31",
      "provider": "provider[\"registry.terraform.io/hashicorp/local\"]",
      "instances": [
        {
          "schema_version": 0,
          "attributes": {
            "content": "It is for t31.txt",
            "content_base64": null,
            "content_base64sha256": "wgyXURYZDHJEajdRcbnFtYx059SaI8TquzSdOVHKzbE=",
            "content_base64sha512": "CF4YYsRfZEBrHNmEIFgWmIzheId5kJRyYiaH/87GBLl8yOlSe9rTNtlUgcyh0rdRwrBSpwRuj3Maynmenti58Q==",
            "content_md5": "04db54ff7ef79b23a55afb9fd7f5717e",
            "content_sha1": "a5e8e40b3276ebaa678ab6018b653a36793f0bdc",
            "content_sha256": "c20c975116190c72446a375171b9c5b58c74e7d49a23c4eabb349d3951cacdb1",
            "content_sha512": "085e1862c45f64406b1cd984205816988ce1788779909472622687ffcec604b97cc8e9527bdad336d95481cca1d2b751c2b052a7046e8f731aca799e9ed8b9f1",
            "directory_permission": "0777",
            "file_permission": "0777",
            "filename": "C:/0-1-dtgwork/training/Terraform/terraformPractice/src/p3/t31.txt",
            "id": "a5e8e40b3276ebaa678ab6018b653a36793f0bdc",
            "sensitive_content": null,
            "source": null
          },
          "sensitive_attributes": []
        }
      ]
    }
  ],
  "check_results": null
}
