{
  "version": 4,
  "terraform_version": "1.5.5",
  "serial": 3,
  "lineage": "5d245b54-6f90-19dc-134d-e615fb7d7fec",
  "outputs": {},
  "resources": [
    {
      "mode": "managed",
      "type": "local_file",
      "name": "t41",
      "provider": "provider[\"registry.terraform.io/hashicorp/local\"]",
      "instances": [
        {
          "schema_version": 0,
          "attributes": {
            "content": "We really love pets!",
            "content_base64": null,
            "content_base64sha256": "caPkrowUEqeG0p3oTfR57dIKakLeqUsxuVBSBLe0+QQ=",
            "content_base64sha512": "zUcGMBuMU3Sa9+7gC5I//DLLh3k+9kyTxdJDK1HNfw+P3uz5WFn+Rh0A68EW98HIuKBl6oxEY7aW/s+pgLipAg==",
            "content_md5": "826a7b5924754519fbf91e452a1b1013",
            "content_sha1": "c2198bef1baa02656b93f2874defed5b876f84f8",
            "content_sha256": "71a3e4ae8c1412a786d29de84df479edd20a6a42dea94b31b9505204b7b4f904",
            "content_sha512": "cd4706301b8c53749af7eee00b923ffc32cb87793ef64c93c5d2432b51cd7f0f8fdeecf95859fe461d00ebc116f7c1c8b8a065ea8c4463b696fecfa980b8a902",
            "directory_permission": "0777",
            "file_permission": "0777",
            "filename": "C:/0-1-dtgwork/training/Terraform/terraformPractice/src/p4/t41.txt",
            "id": "c2198bef1baa02656b93f2874defed5b876f84f8",
            "sensitive_content": null,
            "source": null
          },
          "sensitive_attributes": []
        }
      ]
    },
    {
      "mode": "managed",
      "type": "local_file",
      "name": "t42",
      "provider": "provider[\"registry.terraform.io/hashicorp/local\"]",
      "instances": [
        {
          "schema_version": 0,
          "attributes": {
            "content": "We really love pets!",
            "content_base64": null,
            "content_base64sha256": "caPkrowUEqeG0p3oTfR57dIKakLeqUsxuVBSBLe0+QQ=",
            "content_base64sha512": "zUcGMBuMU3Sa9+7gC5I//DLLh3k+9kyTxdJDK1HNfw+P3uz5WFn+Rh0A68EW98HIuKBl6oxEY7aW/s+pgLipAg==",
            "content_md5": "826a7b5924754519fbf91e452a1b1013",
            "content_sha1": "c2198bef1baa02656b93f2874defed5b876f84f8",
            "content_sha256": "71a3e4ae8c1412a786d29de84df479edd20a6a42dea94b31b9505204b7b4f904",
            "content_sha512": "cd4706301b8c53749af7eee00b923ffc32cb87793ef64c93c5d2432b51cd7f0f8fdeecf95859fe461d00ebc116f7c1c8b8a065ea8c4463b696fecfa980b8a902",
            "directory_permission": "0777",
            "file_permission": "0777",
            "filename": "C:/0-1-dtgwork/training/Terraform/terraformPractice/src/p4/t42.txt",
            "id": "c2198bef1baa02656b93f2874defed5b876f84f8",
            "sensitive_content": null,
            "source": null
          },
          "sensitive_attributes": []
        }
      ]
    }
  ],
  "check_results": null
}
