{
  "version": 4,
  "terraform_version": "1.5.5",
  "serial": 3,
  "lineage": "aff51ac3-8732-118a-c600-461c989ba8a8",
  "outputs": {},
  "resources": [
    {
      "mode": "managed",
      "type": "local_file",
      "name": "t1",
      "provider": "provider[\"registry.terraform.io/hashicorp/local\"]",
      "instances": [
        {
          "schema_version": 0,
          "attributes": {
            "content": "We really love pets!",
            "content_base64": null,
            "content_base64sha256": "caPkrowUEqeG0p3oTfR57dIKakLeqUsxuVBSBLe0+QQ=",
            "content_base64sha512": "zUcGMBuMU3Sa9+7gC5I//DLLh3k+9kyTxdJDK1HNfw+P3uz5WFn+Rh0A68EW98HIuKBl6oxEY7aW/s+pgLipAg==",
            "content_md5": "826a7b5924754519fbf91e452a1b1013",
            "content_sha1": "c2198bef1baa02656b93f2874defed5b876f84f8",
            "content_sha256": "71a3e4ae8c1412a786d29de84df479edd20a6a42dea94b31b9505204b7b4f904",
            "content_sha512": "cd4706301b8c53749af7eee00b923ffc32cb87793ef64c93c5d2432b51cd7f0f8fdeecf95859fe461d00ebc116f7c1c8b8a065ea8c4463b696fecfa980b8a902",
            "directory_permission": "0777",
            "file_permission": "0777",
            "filename": "C:/0-1-dtgwork/training/Terraform/terraformPractice/src/p2/t1.txt",
            "id": "c2198bef1baa02656b93f2874defed5b876f84f8",
            "sensitive_content": null,
            "source": null
          },
          "sensitive_attributes": []
        }
      ]
    },
    {
      "mode": "managed",
      "type": "local_file",
      "name": "t2",
      "provider": "provider[\"registry.terraform.io/hashicorp/local\"]",
      "instances": [
        {
          "schema_version": 0,
          "attributes": {
            "content": "It is for t2.txt",
            "content_base64": null,
            "content_base64sha256": "YdHVaVPEtFoJoQwoIREDaw5VriucirCCNMOjyHuYVf0=",
            "content_base64sha512": "/lagRETOVWf+UhpHxyBdQPaS77x7jWAMEJfSignHPjF7ogAGXBS6R4RCCYEDLCgen+VUL6aGVvm/3hG2WRGX1A==",
            "content_md5": "fd86b63343a674ac7e0d86e536f09ab1",
            "content_sha1": "a5f84e6e5574dd920c15010c6c2f80a23c511bb8",
            "content_sha256": "61d1d56953c4b45a09a10c282111036b0e55ae2b9c8ab08234c3a3c87b9855fd",
            "content_sha512": "fe56a04444ce5567fe521a47c7205d40f692efbc7b8d600c1097d28a09c73e317ba200065c14ba4784420981032c281e9fe5542fa68656f9bfde11b6591197d4",
            "directory_permission": "0777",
            "file_permission": "0777",
            "filename": "C:/0-1-dtgwork/training/Terraform/terraformPractice/src/p2/t2.txt",
            "id": "a5f84e6e5574dd920c15010c6c2f80a23c511bb8",
            "sensitive_content": null,
            "source": null
          },
          "sensitive_attributes": []
        }
      ]
    }
  ],
  "check_results": null
}
